
Microsoft Visual Studio Solution File, Format Version 12.00
# Visual Studio Version 16
VisualStudioVersion = 16.0.31313.79
MinimumVisualStudioVersion = 10.0.40219.1
Project("{FAE04EC0-301F-11D3-BF4B-00C04F79EFBC}") = "UserTasksManager", "UserTasksManager.csproj", "{8A3D948A-C134-48CD-857E-BB3F201E94A1}"
EndProject
Global
	GlobalSection(SolutionConfigurationPlatforms) = preSolution
		Debug|Any CPU = Debug|Any CPU
		Release|Any CPU = Release|Any CPU
	EndGlobalSection
	GlobalSection(ProjectConfigurationPlatforms) = postSolution
		{8A3D948A-C134-48CD-857E-BB3F201E94A1}.Debug|Any CPU.ActiveCfg = Debug|Any CPU
		{8A3D948A-C134-48CD-857E-BB3F201E94A1}.Debug|Any CPU.Build.0 = Debug|Any CPU
		{8A3D948A-C134-48CD-857E-BB3F201E94A1}.Release|Any CPU.ActiveCfg = Release|Any CPU
		{8A3D948A-C134-48CD-857E-BB3F201E94A1}.Release|Any CPU.Build.0 = Release|Any CPU
	EndGlobalSection
	GlobalSection(SolutionProperties) = preSolution
		HideSolutionNode = FALSE
	EndGlobalSection
	GlobalSection(ExtensibilityGlobals) = postSolution
		SolutionGuid = {7356E2DB-8A9E-4648-896F-5DD7609B921F}
	EndGlobalSection
EndGlobal
